// !$*UTF8*$!
{
	archiveVersion = 1;
	classes = {
	};
	objectVersion = 46;
	objects = {

/* Begin PBXBuildFile section */
		492C03621C20921200BFD345 /* MainViewController.swift in Sources */ = {isa = PBXBuildFile; fileRef = 492C03611C20921200BFD345 /* MainViewController.swift */; };
		4993E9501C205641000C68E9 /* AppDelegate.swift in Sources */ = {isa = PBXBuildFile; fileRef = 4993E94F1C205641000C68E9 /* AppDelegate.swift */; };
		4993E9521C205641000C68E9 /* ViewController.swift in Sources */ = {isa = PBXBuildFile; fileRef = 4993E9511C205641000C68E9 /* ViewController.swift */; };
		4993E9551C205641000C68E9 /* Main.storyboard in Resources */ = {isa = PBXBuildFile; fileRef = 4993E9531C205641000C68E9 /* Main.storyboard */; };
		4993E9571C205641000C68E9 /* Assets.xcassets in Resources */ = {isa = PBXBuildFile; fileRef = 4993E9561C205641000C68E9 /* Assets.xcassets */; };
		4993E95A1C205641000C68E9 /* LaunchScreen.storyboard in Resources */ = {isa = PBXBuildFile; fileRef = 4993E9581C205641000C68E9 /* LaunchScreen.storyboard */; };
		4993E9651C205641000C68E9 /* TwitterTests.swift in Sources */ = {isa = PBXBuildFile; fileRef = 4993E9641C205641000C68E9 /* TwitterTests.swift */; };
		4993E9701C205641000C68E9 /* TwitterUITests.swift in Sources */ = {isa = PBXBuildFile; fileRef = 4993E96F1C205641000C68E9 /* TwitterUITests.swift */; };
		4993E97E1C205680000C68E9 /* Firebase.framework in Frameworks */ = {isa = PBXBuildFile; fileRef = 4993E97D1C205680000C68E9 /* Firebase.framework */; };
		4993E9831C205C5D000C68E9 /* libc++.1.dylib in Frameworks */ = {isa = PBXBuildFile; fileRef = 4993E9821C205C5D000C68E9 /* libc++.1.dylib */; };
		4993E9851C205C7C000C68E9 /* libicucore.A.dylib in Frameworks */ = {isa = PBXBuildFile; fileRef = 4993E9841C205C7C000C68E9 /* libicucore.A.dylib */; };
		4993E9871C205C86000C68E9 /* SystemConfiguration.framework in Frameworks */ = {isa = PBXBuildFile; fileRef = 4993E9861C205C86000C68E9 /* SystemConfiguration.framework */; };
		4993E9891C205C8F000C68E9 /* Security.framework in Frameworks */ = {isa = PBXBuildFile; fileRef = 4993E9881C205C8F000C68E9 /* Security.framework */; };
		4993E98B1C205C97000C68E9 /* CFNetwork.framework in Frameworks */ = {isa = PBXBuildFile; fileRef = 4993E98A1C205C97000C68E9 /* CFNetwork.framework */; };
/* End PBXBuildFile section */

/* Begin PBXContainerItemProxy section */
		4993E9611C205641000C68E9 /* PBXContainerItemProxy */ = {
			isa = PBXContainerItemProxy;
			containerPortal = 4993E9441C205641000C68E9 /* Project object */;
			proxyType = 1;
			remoteGlobalIDString = 4993E94B1C205641000C68E9;
			remoteInfo = Twitter;
		};
		4993E96C1C205641000C68E9 /* PBXContainerItemProxy */ = {
			isa = PBXContainerItemProxy;
			containerPortal = 4993E9441C205641000C68E9 /* Project object */;
			proxyType = 1;
			remoteGlobalIDString = 4993E94B1C205641000C68E9;
			remoteInfo = Twitter;
		};
/* End PBXContainerItemProxy section */

/* Begin PBXFileReference section */
		492C03611C20921200BFD345 /* MainViewController.swift */ = {isa = PBXFileReference; fileEncoding = 4; lastKnownFileType = sourcecode.swift; path = MainViewController.swift; sourceTree = "<group>"; };
		4993E94C1C205641000C68E9 /* Twitter.app */ = {isa = PBXFileReference; explicitFileType = wrapper.application; includeInIndex = 0; path = Twitter.app; sourceTree = BUILT_PRODUCTS_DIR; };
		4993E94F1C205641000C68E9 /* AppDelegate.swift */ = {isa = PBXFileReference; lastKnownFileType = sourcecode.swift; path = AppDelegate.swift; sourceTree = "<group>"; };
		4993E9511C205641000C68E9 /* ViewController.swift */ = {isa = PBXFileReference; lastKnownFileType = sourcecode.swift; path = ViewController.swift; sourceTree = "<group>"; };
		4993E9541C205641000C68E9 /* Base */ = {isa = PBXFileReference; lastKnownFileType = file.storyboard; name = Base; path = Base.lproj/Main.storyboard; sourceTree = "<group>"; };
		4993E9561C205641000C68E9 /* Assets.xcassets */ = {isa = PBXFileReference; lastKnownFileType = folder.assetcatalog; path = Assets.xcassets; sourceTree = "<group>"; };
		4993E9591C205641000C68E9 /* Base */ = {isa = PBXFileReference; lastKnownFileType = file.storyboard; name = Base; path = Base.lproj/LaunchScreen.storyboard; sourceTree = "<group>"; };
		4993E95B1C205641000C68E9 /* Info.plist */ = {isa = PBXFileReference; lastKnownFileType = text.plist.xml; path = Info.plist; sourceTree = "<group>"; };
		4993E9601C205641000C68E9 /* TwitterTests.xctest */ = {isa = PBXFileReference; explicitFileType = wrapper.cfbundle; includeInIndex = 0; path = TwitterTests.xctest; sourceTree = BUILT_PRODUCTS_DIR; };
		4993E9641C205641000C68E9 /* TwitterTests.swift */ = {isa = PBXFileReference; lastKnownFileType = sourcecode.swift; path = TwitterTests.swift; sourceTree = "<group>"; };
		4993E9661C205641000C68E9 /* Info.plist */ = {isa = PBXFileReference; lastKnownFileType = text.plist.xml; path = Info.plist; sourceTree = "<group>"; };
		4993E96B1C205641000C68E9 /* TwitterUITests.xctest */ = {isa = PBXFileReference; explicitFileType = wrapper.cfbundle; includeInIndex = 0; path = TwitterUITests.xctest; sourceTree = BUILT_PRODUCTS_DIR; };
		4993E96F1C205641000C68E9 /* TwitterUITests.swift */ = {isa = PBXFileReference; lastKnownFileType = sourcecode.swift; path = TwitterUITests.swift; sourceTree = "<group>"; };
		4993E9711C205641000C68E9 /* Info.plist */ = {isa = PBXFileReference; lastKnownFileType = text.plist.xml; path = Info.plist; sourceTree = "<group>"; };
		4993E97D1C205680000C68E9 /* Firebase.framework */ = {isa = PBXFileReference; lastKnownFileType = wrapper.framework; path = Firebase.framework; sourceTree = "<group>"; };
		4993E97F1C205BF9000C68E9 /* Twitter-Bridging-Header.h */ = {isa = PBXFileReference; lastKnownFileType = sourcecode.c.h; path = "Twitter-Bridging-Header.h"; sourceTree = "<group>"; };
		4993E9821C205C5D000C68E9 /* libc++.1.dylib */ = {isa = PBXFileReference; lastKnownFileType = "compiled.mach-o.dylib"; name = "libc++.1.dylib"; path = "../../../../../../../usr/lib/libc++.1.dylib"; sourceTree = "<group>"; };
		4993E9841C205C7C000C68E9 /* libicucore.A.dylib */ = {isa = PBXFileReference; lastKnownFileType = "compiled.mach-o.dylib"; name = libicucore.A.dylib; path = ../../../../../../../usr/lib/libicucore.A.dylib; sourceTree = "<group>"; };
		4993E9861C205C86000C68E9 /* SystemConfiguration.framework */ = {isa = PBXFileReference; lastKnownFileType = wrapper.framework; name = SystemConfiguration.framework; path = System/Library/Frameworks/SystemConfiguration.framework; sourceTree = SDKROOT; };
		4993E9881C205C8F000C68E9 /* Security.framework */ = {isa = PBXFileReference; lastKnownFileType = wrapper.framework; name = Security.framework; path = System/Library/Frameworks/Security.framework; sourceTree = SDKROOT; };
		4993E98A1C205C97000C68E9 /* CFNetwork.framework */ = {isa = PBXFileReference; lastKnownFileType = wrapper.framework; name = CFNetwork.framework; path = System/Library/Frameworks/CFNetwork.framework; sourceTree = SDKROOT; };
/* End PBXFileReference section */

/* Begin PBXFrameworksBuildPhase section */
		4993E9491C205641000C68E9 /* Frameworks */ = {
			isa = PBXFrameworksBuildPhase;
			buildActionMask = 2147483647;
			files = (
				4993E98B1C205C97000C68E9 /* CFNetwork.framework in Frameworks */,
				4993E9891C205C8F000C68E9 /* Security.framework in Frameworks */,
				4993E9871C205C86000C68E9 /* SystemConfiguration.framework in Frameworks */,
				4993E9851C205C7C000C68E9 /* libicucore.A.dylib in Frameworks */,
				4993E9831C205C5D000C68E9 /* libc++.1.dylib in Frameworks */,
				4993E97E1C205680000C68E9 /* Firebase.framework in Frameworks */,
			);
			runOnlyForDeploymentPostprocessing = 0;
		};
		4993E95D1C205641000C68E9 /* Frameworks */ = {
			isa = PBXFrameworksBuildPhase;
			buildActionMask = 2147483647;
			files = (
			);
			runOnlyForDeploymentPostprocessing = 0;
		};
		4993E9681C205641000C68E9 /* Frameworks */ = {
			isa = PBXFrameworksBuildPhase;
			buildActionMask = 2147483647;
			files = (
			);
			runOnlyForDeploymentPostprocessing = 0;
		};
/* End PBXFrameworksBuildPhase section */

/* Begin PBXGroup section */
		4993E9431C205641000C68E9 = {
			isa = PBXGroup;
			children = (
				4993E98A1C205C97000C68E9 /* CFNetwork.framework */,
				4993E9881C205C8F000C68E9 /* Security.framework */,
				4993E9861C205C86000C68E9 /* SystemConfiguration.framework */,
				4993E9841C205C7C000C68E9 /* libicucore.A.dylib */,
				4993E9821C205C5D000C68E9 /* libc++.1.dylib */,
				4993E94E1C205641000C68E9 /* Twitter */,
				4993E9631C205641000C68E9 /* TwitterTests */,
				4993E96E1C205641000C68E9 /* TwitterUITests */,
				4993E94D1C205641000C68E9 /* Products */,
				4993E97F1C205BF9000C68E9 /* Twitter-Bridging-Header.h */,
			);
			sourceTree = "<group>";
		};
		4993E94D1C205641000C68E9 /* Products */ = {
			isa = PBXGroup;
			children = (
				4993E94C1C205641000C68E9 /* Twitter.app */,
				4993E9601C205641000C68E9 /* TwitterTests.xctest */,
				4993E96B1C205641000C68E9 /* TwitterUITests.xctest */,
			);
			name = Products;
			sourceTree = "<group>";
		};
		4993E94E1C205641000C68E9 /* Twitter */ = {
			isa = PBXGroup;
			children = (
				4993E97D1C205680000C68E9 /* Firebase.framework */,
				4993E94F1C205641000C68E9 /* AppDelegate.swift */,
				4993E9511C205641000C68E9 /* ViewController.swift */,
				492C03611C20921200BFD345 /* MainViewController.swift */,
				4993E9531C205641000C68E9 /* Main.storyboard */,
				4993E9561C205641000C68E9 /* Assets.xcassets */,
				4993E9581C205641000C68E9 /* LaunchScreen.storyboard */,
				4993E95B1C205641000C68E9 /* Info.plist */,
			);
			path = Twitter;
			sourceTree = "<group>";
		};
		4993E9631C205641000C68E9 /* TwitterTests */ = {
			isa = PBXGroup;
			children = (
				4993E9641C205641000C68E9 /* TwitterTests.swift */,
				4993E9661C205641000C68E9 /* Info.plist */,
			);
			path = TwitterTests;
			sourceTree = "<group>";
		};
		4993E96E1C205641000C68E9 /* TwitterUITests */ = {
			isa = PBXGroup;
			children = (
				4993E96F1C205641000C68E9 /* TwitterUITests.swift */,
				4993E9711C205641000C68E9 /* Info.plist */,
			);
			path = TwitterUITests;
			sourceTree = "<group>";
		};
/* End PBXGroup section */

/* Begin PBXNativeTarget section */
		4993E94B1C205641000C68E9 /* Twitter */ = {
			isa = PBXNativeTarget;
			buildConfigurationList = 4993E9741C205641000C68E9 /* Build configuration list for PBXNativeTarget "Twitter" */;
			buildPhases = (
				4993E9481C205641000C68E9 /* Sources */,
				4993E9491C205641000C68E9 /* Frameworks */,
				4993E94A1C205641000C68E9 /* Resources */,
			);
			buildRules = (
			);
			dependencies = (
			);
			name = Twitter;
			productName = Twitter;
			productReference = 4993E94C1C205641000C68E9 /* Twitter.app */;
			productType = "com.apple.product-type.application";
		};
		4993E95F1C205641000C68E9 /* TwitterTests */ = {
			isa = PBXNativeTarget;
			buildConfigurationList = 4993E9771C205641000C68E9 /* Build configuration list for PBXNativeTarget "TwitterTests" */;
			buildPhases = (
				4993E95C1C205641000C68E9 /* Sources */,
				4993E95D1C205641000C68E9 /* Frameworks */,
				4993E95E1C205641000C68E9 /* Resources */,
			);
			buildRules = (
			);
			dependencies = (
				4993E9621C205641000C68E9 /* PBXTargetDependency */,
			);
			name = TwitterTests;
			productName = TwitterTests;
			productReference = 4993E9601C205641000C68E9 /* TwitterTests.xctest */;
			productType = "com.apple.product-type.bundle.unit-test";
		};
		4993E96A1C205641000C68E9 /* TwitterUITests */ = {
			isa = PBXNativeTarget;
			buildConfigurationList = 4993E97A1C205641000C68E9 /* Build configuration list for PBXNativeTarget "TwitterUITests" */;
			buildPhases = (
				4993E9671C205641000C68E9 /* Sources */,
				4993E9681C205641000C68E9 /* Frameworks */,
				4993E9691C205641000C68E9 /* Resources */,
			);
			buildRules = (
			);
			dependencies = (
				4993E96D1C205641000C68E9 /* PBXTargetDependency */,
			);
			name = TwitterUITests;
			productName = TwitterUITests;
			productReference = 4993E96B1C205641000C68E9 /* TwitterUITests.xctest */;
			productType = "com.apple.product-type.bundle.ui-testing";
		};
/* End PBXNativeTarget section */

/* Begin PBXProject section */
		4993E9441C205641000C68E9 /* Project object */ = {
			isa = PBXProject;
			attributes = {
				LastSwiftUpdateCheck = 0720;
				LastUpgradeCheck = 0720;
				ORGANIZATIONNAME = Mattia;
				TargetAttributes = {
					4993E94B1C205641000C68E9 = {
						CreatedOnToolsVersion = 7.2;
						DevelopmentTeam = F437VMQB8J;
					};
					4993E95F1C205641000C68E9 = {
						CreatedOnToolsVersion = 7.2;
						DevelopmentTeam = F437VMQB8J;
						TestTargetID = 4993E94B1C205641000C68E9;
					};
					4993E96A1C205641000C68E9 = {
						CreatedOnToolsVersion = 7.2;
						DevelopmentTeam = F437VMQB8J;
						TestTargetID = 4993E94B1C205641000C68E9;
					};
				};
			};
			buildConfigurationList = 4993E9471C205641000C68E9 /* Build configuration list for PBXProject "Twitter" */;
			compatibilityVersion = "Xcode 3.2";
			developmentRegion = English;
			hasScannedForEncodings = 0;
			knownRegions = (
				en,
				Base,
			);
			mainGroup = 4993E9431C205641000C68E9;
			productRefGroup = 4993E94D1C205641000C68E9 /* Products */;
			projectDirPath = "";
			projectRoot = "";
			targets = (
				4993E94B1C205641000C68E9 /* Twitter */,
				4993E95F1C205641000C68E9 /* TwitterTests */,
				4993E96A1C205641000C68E9 /* TwitterUITests */,
			);
		};
/* End PBXProject section */

/* Begin PBXResourcesBuildPhase section */
		4993E94A1C205641000C68E9 /* Resources */ = {
			isa = PBXResourcesBuildPhase;
			buildActionMask = 2147483647;
			files = (
				4993E95A1C205641000C68E9 /* LaunchScreen.storyboard in Resources */,
				4993E9571C205641000C68E9 /* Assets.xcassets in Resources */,
				4993E9551C205641000C68E9 /* Main.storyboard in Resources */,
			);
			runOnlyForDeploymentPostprocessing = 0;
		};
		4993E95E1C205641000C68E9 /* Resources */ = {
			isa = PBXResourcesBuildPhase;
			buildActionMask = 2147483647;
			files = (
			);
			runOnlyForDeploymentPostprocessing = 0;
		};
		4993E9691C205641000C68E9 /* Resources */ = {
			isa = PBXResourcesBuildPhase;
			buildActionMask = 2147483647;
			files = (
			);
			runOnlyForDeploymentPostprocessing = 0;
		};
/* End PBXResourcesBuildPhase section */

/* Begin PBXSourcesBuildPhase section */
		4993E9481C205641000C68E9 /* Sources */ = {
			isa = PBXSourcesBuildPhase;
			buildActionMask = 2147483647;
			files = (
				492C03621C20921200BFD345 /* MainViewController.swift in Sources */,
				4993E9521C205641000C68E9 /* ViewController.swift in Sources */,
				4993E9501C205641000C68E9 /* AppDelegate.swift in Sources */,
			);
			runOnlyForDeploymentPostprocessing = 0;
		};
		4993E95C1C205641000C68E9 /* Sources */ = {
			isa = PBXSourcesBuildPhase;
			buildActionMask = 2147483647;
			files = (
				4993E9651C205641000C68E9 /* TwitterTests.swift in Sources */,
			);
			runOnlyForDeploymentPostprocessing = 0;
		};
		4993E9671C205641000C68E9 /* Sources */ = {
			isa = PBXSourcesBuildPhase;
			buildActionMask = 2147483647;
			files = (
				4993E9701C205641000C68E9 /* TwitterUITests.swift in Sources */,
			);
			runOnlyForDeploymentPostprocessing = 0;
		};
/* End PBXSourcesBuildPhase section */

/* Begin PBXTargetDependency section */
		4993E9621C205641000C68E9 /* PBXTargetDependency */ = {
			isa = PBXTargetDependency;
			target = 4993E94B1C205641000C68E9 /* Twitter */;
			targetProxy = 4993E9611C205641000C68E9 /* PBXContainerItemProxy */;
		};
		4993E96D1C205641000C68E9 /* PBXTargetDependency */ = {
			isa = PBXTargetDependency;
			target = 4993E94B1C205641000C68E9 /* Twitter */;
			targetProxy = 4993E96C1C205641000C68E9 /* PBXContainerItemProxy */;
		};
/* End PBXTargetDependency section */

/* Begin PBXVariantGroup section */
		4993E9531C205641000C68E9 /* Main.storyboard */ = {
			isa = PBXVariantGroup;
			children = (
				4993E9541C205641000C68E9 /* Base */,
			);
			name = Main.storyboard;
			sourceTree = "<group>";
		};
		4993E9581C205641000C68E9 /* LaunchScreen.storyboard */ = {
			isa = PBXVariantGroup;
			children = (
				4993E9591C205641000C68E9 /* Base */,
			);
			name = LaunchScreen.storyboard;
			sourceTree = "<group>";
		};
/* End PBXVariantGroup section */

/* Begin XCBuildConfiguration section */
		4993E9721C205641000C68E9 /* Debug */ = {
			isa = XCBuildConfiguration;
			buildSettings = {
				ALWAYS_SEARCH_USER_PATHS = NO;
				CLANG_CXX_LANGUAGE_STANDARD = "gnu++0x";
				CLANG_CXX_LIBRARY = "libc++";
				CLANG_ENABLE_MODULES = YES;
				CLANG_ENABLE_OBJC_ARC = YES;
				CLANG_WARN_BOOL_CONVERSION = YES;
				CLANG_WARN_CONSTANT_CONVERSION = YES;
				CLANG_WARN_DIRECT_OBJC_ISA_USAGE = YES_ERROR;
				CLANG_WARN_EMPTY_BODY = YES;
				CLANG_WARN_ENUM_CONVERSION = YES;
				CLANG_WARN_INT_CONVERSION = YES;
				CLANG_WARN_OBJC_ROOT_CLASS = YES_ERROR;
				CLANG_WARN_UNREACHABLE_CODE = YES;
				CLANG_WARN__DUPLICATE_METHOD_MATCH = YES;
				"CODE_SIGN_IDENTITY[sdk=iphoneos*]" = "iPhone Developer";
				COPY_PHASE_STRIP = NO;
				DEBUG_INFORMATION_FORMAT = dwarf;
				ENABLE_STRICT_OBJC_MSGSEND = YES;
				ENABLE_TESTABILITY = YES;
				GCC_C_LANGUAGE_STANDARD = gnu99;
				GCC_DYNAMIC_NO_PIC = NO;
				GCC_NO_COMMON_BLOCKS = YES;
				GCC_OPTIMIZATION_LEVEL = 0;
				GCC_PREPROCESSOR_DEFINITIONS = (
					"DEBUG=1",
					"$(inherited)",
				);
				GCC_WARN_64_TO_32_BIT_CONVERSION = YES;
				GCC_WARN_ABOUT_RETURN_TYPE = YES_ERROR;
				GCC_WARN_UNDECLARED_SELECTOR = YES;
				GCC_WARN_UNINITIALIZED_AUTOS = YES_AGGRESSIVE;
				GCC_WARN_UNUSED_FUNCTION = YES;
				GCC_WARN_UNUSED_VARIABLE = YES;
				IPHONEOS_DEPLOYMENT_TARGET = 9.2;
				MTL_ENABLE_DEBUG_INFO = YES;
				ONLY_ACTIVE_ARCH = YES;
				SDKROOT = iphoneos;
				SWIFT_OPTIMIZATION_LEVEL = "-Onone";
			};
			name = Debug;
		};
		4993E9731C205641000C68E9 /* Release */ = {
			isa = XCBuildConfiguration;
			buildSettings = {
				ALWAYS_SEARCH_USER_PATHS = NO;
				CLANG_CXX_LANGUAGE_STANDARD = "gnu++0x";
				CLANG_CXX_LIBRARY = "libc++";
				CLANG_ENABLE_MODULES = YES;
				CLANG_ENABLE_OBJC_ARC = YES;
				CLANG_WARN_BOOL_CONVERSION = YES;
				CLANG_WARN_CONSTANT_CONVERSION = YES;
				CLANG_WARN_DIRECT_OBJC_ISA_USAGE = YES_ERROR;
				CLANG_WARN_EMPTY_BODY = YES;
				CLANG_WARN_ENUM_CONVERSION = YES;
				CLANG_WARN_INT_CONVERSION = YES;
				CLANG_WARN_OBJC_ROOT_CLASS = YES_ERROR;
				CLANG_WARN_UNREACHABLE_CODE = YES;
				CLANG_WARN__DUPLICATE_METHOD_MATCH = YES;
				"CODE_SIGN_IDENTITY[sdk=iphoneos*]" = "iPhone Developer";
				COPY_PHASE_STRIP = NO;
				DEBUG_INFORMATION_FORMAT = "dwarf-with-dsym";
				ENABLE_NS_ASSERTIONS = NO;
				ENABLE_STRICT_OBJC_MSGSEND = YES;
				GCC_C_LANGUAGE_STANDARD = gnu99;
				GCC_NO_COMMON_BLOCKS = YES;
				GCC_WARN_64_TO_32_BIT_CONVERSION = YES;
				GCC_WARN_ABOUT_RETURN_TYPE = YES_ERROR;
				GCC_WARN_UNDECLARED_SELECTOR = YES;
				GCC_WARN_UNINITIALIZED_AUTOS = YES_AGGRESSIVE;
				GCC_WARN_UNUSED_FUNCTION = YES;
				GCC_WARN_UNUSED_VARIABLE = YES;
				IPHONEOS_DEPLOYMENT_TARGET = 9.2;
				MTL_ENABLE_DEBUG_INFO = NO;
				SDKROOT = iphoneos;
				VALIDATE_PRODUCT = YES;
			};
			name = Release;
		};
		4993E9751C205641000C68E9 /* Debug */ = {
			isa = XCBuildConfiguration;
			buildSettings = {
				ASSETCATALOG_COMPILER_APPICON_NAME = AppIcon;
				CLANG_ENABLE_MODULES = YES;
				FRAMEWORK_SEARCH_PATHS = (
					"$(inherited)",
					"$(PROJECT_DIR)/Twitter",
				);
				INFOPLIST_FILE = Twitter/Info.plist;
				LD_RUNPATH_SEARCH_PATHS = "$(inherited) @executable_path/Frameworks";
				OTHER_LDFLAGS = "-ObjC";
				OTHER_LIBTOOLFLAGS = "";
				PRODUCT_BUNDLE_IDENTIFIER = mattia.Twitter;
				PRODUCT_NAME = "$(TARGET_NAME)";
				SWIFT_OBJC_BRIDGING_HEADER = "Twitter-Bridging-Header.h";
				SWIFT_OPTIMIZATION_LEVEL = "-Onone";
			};
			name = Debug;
		};
		4993E9761C205641000C68E9 /* Release */ = {
			isa = XCBuildConfiguration;
			buildSettings = {
				ASSETCATALOG_COMPILER_APPICON_NAME = AppIcon;
				CLANG_ENABLE_MODULES = YES;
				FRAMEWORK_SEARCH_PATHS = (
					"$(inherited)",
					"$(PROJECT_DIR)/Twitter",
				);
				INFOPLIST_FILE = Twitter/Info.plist;
				LD_RUNPATH_SEARCH_PATHS = "$(inherited) @executable_path/Frameworks";
				OTHER_LDFLAGS = "-ObjC";
				OTHER_LIBTOOLFLAGS = "";
				PRODUCT_BUNDLE_IDENTIFIER = mattia.Twitter;
				PRODUCT_NAME = "$(TARGET_NAME)";
				SWIFT_OBJC_BRIDGING_HEADER = "Twitter-Bridging-Header.h";
			};
			name = Release;
		};
		4993E9781C205641000C68E9 /* Debug */ = {
			isa = XCBuildConfiguration;
			buildSettings = {
				BUNDLE_LOADER = "$(TEST_HOST)";
				INFOPLIST_FILE = TwitterTests/Info.plist;
				LD_RUNPATH_SEARCH_PATHS = "$(inherited) @executable_path/Frameworks @loader_path/Frameworks";
				PRODUCT_BUNDLE_IDENTIFIER = mattia.TwitterTests;
				PRODUCT_NAME = "$(TARGET_NAME)";
				TEST_HOST = "$(BUILT_PRODUCTS_DIR)/Twitter.app/Twitter";
			};
			name = Debug;
		};
		4993E9791C205641000C68E9 /* Release */ = {
			isa = XCBuildConfiguration;
			buildSettings = {
				BUNDLE_LOADER = "$(TEST_HOST)";
				INFOPLIST_FILE = TwitterTests/Info.plist;
				LD_RUNPATH_SEARCH_PATHS = "$(inherited) @executable_path/Frameworks @loader_path/Frameworks";
				PRODUCT_BUNDLE_IDENTIFIER = mattia.TwitterTests;
				PRODUCT_NAME = "$(TARGET_NAME)";
				TEST_HOST = "$(BUILT_PRODUCTS_DIR)/Twitter.app/Twitter";
			};
			name = Release;
		};
		4993E97B1C205641000C68E9 /* Debug */ = {
			isa = XCBuildConfiguration;
			buildSettings = {
				INFOPLIST_FILE = TwitterUITests/Info.plist;
				LD_RUNPATH_SEARCH_PATHS = "$(inherited) @executable_path/Frameworks @loader_path/Frameworks";
				PRODUCT_BUNDLE_IDENTIFIER = mattia.TwitterUITests;
				PRODUCT_NAME = "$(TARGET_NAME)";
				TEST_TARGET_NAME = Twitter;
				USES_XCTRUNNER = YES;
			};
			name = Debug;
		};
		4993E97C1C205641000C68E9 /* Release */ = {
			isa = XCBuildConfiguration;
			buildSettings = {
				INFOPLIST_FILE = TwitterUITests/Info.plist;
				LD_RUNPATH_SEARCH_PATHS = "$(inherited) @executable_path/Frameworks @loader_path/Frameworks";
				PRODUCT_BUNDLE_IDENTIFIER = mattia.TwitterUITests;
				PRODUCT_NAME = "$(TARGET_NAME)";
				TEST_TARGET_NAME = Twitter;
				USES_XCTRUNNER = YES;
			};
			name = Release;
		};
/* End XCBuildConfiguration section */

/* Begin XCConfigurationList section */
		4993E9471C205641000C68E9 /* Build configuration list for PBXProject "Twitter" */ = {
			isa = XCConfigurationList;
			buildConfigurations = (
				4993E9721C205641000C68E9 /* Debug */,
				4993E9731C205641000C68E9 /* Release */,
			);
			defaultConfigurationIsVisible = 0;
			defaultConfigurationName = Release;
		};
		4993E9741C205641000C68E9 /* Build configuration list for PBXNativeTarget "Twitter" */ = {
			isa = XCConfigurationList;
			buildConfigurations = (
				4993E9751C205641000C68E9 /* Debug */,
				4993E9761C205641000C68E9 /* Release */,
			);
			defaultConfigurationIsVisible = 0;
			defaultConfigurationName = Release;
		};
		4993E9771C205641000C68E9 /* Build configuration list for PBXNativeTarget "TwitterTests" */ = {
			isa = XCConfigurationList;
			buildConfigurations = (
				4993E9781C205641000C68E9 /* Debug */,
				4993E9791C205641000C68E9 /* Release */,
			);
			defaultConfigurationIsVisible = 0;
			defaultConfigurationName = Release;
		};
		4993E97A1C205641000C68E9 /* Build configuration list for PBXNativeTarget "TwitterUITests" */ = {
			isa = XCConfigurationList;
			buildConfigurations = (
				4993E97B1C205641000C68E9 /* Debug */,
				4993E97C1C205641000C68E9 /* Release */,
			);
			defaultConfigurationIsVisible = 0;
			defaultConfigurationName = Release;
		};
/* End XCConfigurationList section */
	};
	rootObject = 4993E9441C205641000C68E9 /* Project object */;
}
